
Microsoft Visual Studio Solution File, Format Version 12.00
# Visual Studio Version 17
VisualStudioVersion = 17.3.32825.248
MinimumVisualStudioVersion = 10.0.40219.1
Project("{FAE04EC0-301F-11D3-BF4B-00C04F79EFBC}") = "WpfApp4_pd", "WpfApp4_pd\WpfApp4_pd.csproj", "{CBD36A4B-7846-4CE0-AEE5-F22D6C18FA54}"
EndProject
Global
	GlobalSection(SolutionConfigurationPlatforms) = preSolution
		Debug|Any CPU = Debug|Any CPU
		Release|Any CPU = Release|Any CPU
	EndGlobalSection
	GlobalSection(ProjectConfigurationPlatforms) = postSolution
		{CBD36A4B-7846-4CE0-AEE5-F22D6C18FA54}.Debug|Any CPU.ActiveCfg = Debug|Any CPU
		{CBD36A4B-7846-4CE0-AEE5-F22D6C18FA54}.Debug|Any CPU.Build.0 = Debug|Any CPU
		{CBD36A4B-7846-4CE0-AEE5-F22D6C18FA54}.Release|Any CPU.ActiveCfg = Release|Any CPU
		{CBD36A4B-7846-4CE0-AEE5-F22D6C18FA54}.Release|Any CPU.Build.0 = Release|Any CPU
	EndGlobalSection
	GlobalSection(SolutionProperties) = preSolution
		HideSolutionNode = FALSE
	EndGlobalSection
	GlobalSection(ExtensibilityGlobals) = postSolution
		SolutionGuid = {18918279-113F-42C4-A535-B941B0BF82D9}
	EndGlobalSection
EndGlobal
